{
  "object": {
    "pins": [
      {
        "package": "Codable-Utils",
        "repositoryURL": "https://github.com/jlainog/Codable-Utils",
        "state": {
          "branch": null,
          "revision": "9f2a0a656cba9f15c06c652ff6eda66260223faa",
          "version": "0.0.2"
        }
      },
      {
        "package": "combine-schedulers",
        "repositoryURL": "https://github.com/pointfreeco/combine-schedulers",
        "state": {
          "branch": null,
          "revision": "ff42ec9061d864de7982162011321d3df5080c10",
          "version": "0.1.2"
        }
      },
      {
        "package": "SnapshotTesting",
        "repositoryURL": "https://github.com/pointfreeco/swift-snapshot-testing",
        "state": {
          "branch": null,
          "revision": "c466812aa2e22898f27557e2e780d3aad7a27203",
          "version": "1.8.2"
        }
      }
    ]
  },
  "version": 1
}
